// !$*UTF8*$!
{
	archiveVersion = 1;
	classes = {
	};
	objectVersion = 77;
	objects = {

/* Begin PBXBuildFile section */
		E66CC51C2DE06CD400627261 /* sonar-project.properties in Resources */ = {isa = PBXBuildFile; fileRef = E66CC51B2DE06CD400627261 /* sonar-project.properties */; };
		E66CC51E2DE06DC900627261 /* .swiftlint.yml in Resources */ = {isa = PBXBuildFile; fileRef = E66CC51D2DE06DC900627261 /* .swiftlint.yml */; };
		E66CC5222DE071DF00627261 /* build.yml in Resources */ = {isa = PBXBuildFile; fileRef = E66CC5212DE071DF00627261 /* build.yml */; };
/* End PBXBuildFile section */

/* Begin PBXContainerItemProxy section */
		E66CC4FF2DE06B6600627261 /* PBXContainerItemProxy */ = {
			isa = PBXContainerItemProxy;
			containerPortal = E66CC4E62DE06B6200627261 /* Project object */;
			proxyType = 1;
			remoteGlobalIDString = E66CC4ED2DE06B6200627261;
			remoteInfo = "Sonarqube-iOS";
		};
		E66CC5092DE06B6600627261 /* PBXContainerItemProxy */ = {
			isa = PBXContainerItemProxy;
			containerPortal = E66CC4E62DE06B6200627261 /* Project object */;
			proxyType = 1;
			remoteGlobalIDString = E66CC4ED2DE06B6200627261;
			remoteInfo = "Sonarqube-iOS";
		};
/* End PBXContainerItemProxy section */

/* Begin PBXFileReference section */
		E66CC4EE2DE06B6200627261 /* Sonarqube-iOS.app */ = {isa = PBXFileReference; explicitFileType = wrapper.application; includeInIndex = 0; path = "Sonarqube-iOS.app"; sourceTree = BUILT_PRODUCTS_DIR; };
		E66CC4FE2DE06B6600627261 /* Sonarqube-iOSTests.xctest */ = {isa = PBXFileReference; explicitFileType = wrapper.cfbundle; includeInIndex = 0; path = "Sonarqube-iOSTests.xctest"; sourceTree = BUILT_PRODUCTS_DIR; };
		E66CC5082DE06B6600627261 /* Sonarqube-iOSUITests.xctest */ = {isa = PBXFileReference; explicitFileType = wrapper.cfbundle; includeInIndex = 0; path = "Sonarqube-iOSUITests.xctest"; sourceTree = BUILT_PRODUCTS_DIR; };
		E66CC51B2DE06CD400627261 /* sonar-project.properties */ = {isa = PBXFileReference; lastKnownFileType = text.xml; path = "sonar-project.properties"; sourceTree = "<group>"; };
		E66CC51D2DE06DC900627261 /* .swiftlint.yml */ = {isa = PBXFileReference; lastKnownFileType = text.yaml; path = .swiftlint.yml; sourceTree = "<group>"; };
		E66CC5212DE071DF00627261 /* build.yml */ = {isa = PBXFileReference; lastKnownFileType = text.yaml; path = build.yml; sourceTree = "<group>"; };
/* End PBXFileReference section */

/* Begin PBXFileSystemSynchronizedRootGroup section */
		E66CC4F02DE06B6200627261 /* Sonarqube-iOS */ = {
			isa = PBXFileSystemSynchronizedRootGroup;
			path = "Sonarqube-iOS";
			sourceTree = "<group>";
		};
		E66CC5012DE06B6600627261 /* Sonarqube-iOSTests */ = {
			isa = PBXFileSystemSynchronizedRootGroup;
			path = "Sonarqube-iOSTests";
			sourceTree = "<group>";
		};
		E66CC50B2DE06B6600627261 /* Sonarqube-iOSUITests */ = {
			isa = PBXFileSystemSynchronizedRootGroup;
			path = "Sonarqube-iOSUITests";
			sourceTree = "<group>";
		};
/* End PBXFileSystemSynchronizedRootGroup section */

/* Begin PBXFrameworksBuildPhase section */
		E66CC4EB2DE06B6200627261 /* Frameworks */ = {
			isa = PBXFrameworksBuildPhase;
			buildActionMask = 2147483647;
			files = (
			);
			runOnlyForDeploymentPostprocessing = 0;
		};
		E66CC4FB2DE06B6600627261 /* Frameworks */ = {
			isa = PBXFrameworksBuildPhase;
			buildActionMask = 2147483647;
			files = (
			);
			runOnlyForDeploymentPostprocessing = 0;
		};
		E66CC5052DE06B6600627261 /* Frameworks */ = {
			isa = PBXFrameworksBuildPhase;
			buildActionMask = 2147483647;
			files = (
			);
			runOnlyForDeploymentPostprocessing = 0;
		};
/* End PBXFrameworksBuildPhase section */

/* Begin PBXGroup section */
		E66CC4E52DE06B6200627261 = {
			isa = PBXGroup;
			children = (
				E66CC51F2DE071B600627261 /* .github */,
				E66CC51D2DE06DC900627261 /* .swiftlint.yml */,
				E66CC51B2DE06CD400627261 /* sonar-project.properties */,
				E66CC4F02DE06B6200627261 /* Sonarqube-iOS */,
				E66CC5012DE06B6600627261 /* Sonarqube-iOSTests */,
				E66CC50B2DE06B6600627261 /* Sonarqube-iOSUITests */,
				E66CC4EF2DE06B6200627261 /* Products */,
			);
			sourceTree = "<group>";
		};
		E66CC4EF2DE06B6200627261 /* Products */ = {
			isa = PBXGroup;
			children = (
				E66CC4EE2DE06B6200627261 /* Sonarqube-iOS.app */,
				E66CC4FE2DE06B6600627261 /* Sonarqube-iOSTests.xctest */,
				E66CC5082DE06B6600627261 /* Sonarqube-iOSUITests.xctest */,
			);
			name = Products;
			sourceTree = "<group>";
		};
		E66CC51F2DE071B600627261 /* .github */ = {
			isa = PBXGroup;
			children = (
				E66CC5202DE071C000627261 /* workflows */,
			);
			path = .github;
			sourceTree = "<group>";
		};
		E66CC5202DE071C000627261 /* workflows */ = {
			isa = PBXGroup;
			children = (
				E66CC5212DE071DF00627261 /* build.yml */,
			);
			path = workflows;
			sourceTree = "<group>";
		};
/* End PBXGroup section */

/* Begin PBXNativeTarget section */
		E66CC4ED2DE06B6200627261 /* Sonarqube-iOS */ = {
			isa = PBXNativeTarget;
			buildConfigurationList = E66CC5122DE06B6600627261 /* Build configuration list for PBXNativeTarget "Sonarqube-iOS" */;
			buildPhases = (
				E66CC4EA2DE06B6200627261 /* Sources */,
				E66CC4EB2DE06B6200627261 /* Frameworks */,
				E66CC4EC2DE06B6200627261 /* Resources */,
			);
			buildRules = (
			);
			dependencies = (
			);
			fileSystemSynchronizedGroups = (
				E66CC4F02DE06B6200627261 /* Sonarqube-iOS */,
			);
			name = "Sonarqube-iOS";
			packageProductDependencies = (
			);
			productName = "Sonarqube-iOS";
			productReference = E66CC4EE2DE06B6200627261 /* Sonarqube-iOS.app */;
			productType = "com.apple.product-type.application";
		};
		E66CC4FD2DE06B6600627261 /* Sonarqube-iOSTests */ = {
			isa = PBXNativeTarget;
			buildConfigurationList = E66CC5152DE06B6600627261 /* Build configuration list for PBXNativeTarget "Sonarqube-iOSTests" */;
			buildPhases = (
				E66CC4FA2DE06B6600627261 /* Sources */,
				E66CC4FB2DE06B6600627261 /* Frameworks */,
				E66CC4FC2DE06B6600627261 /* Resources */,
			);
			buildRules = (
			);
			dependencies = (
				E66CC5002DE06B6600627261 /* PBXTargetDependency */,
			);
			fileSystemSynchronizedGroups = (
				E66CC5012DE06B6600627261 /* Sonarqube-iOSTests */,
			);
			name = "Sonarqube-iOSTests";
			packageProductDependencies = (
			);
			productName = "Sonarqube-iOSTests";
			productReference = E66CC4FE2DE06B6600627261 /* Sonarqube-iOSTests.xctest */;
			productType = "com.apple.product-type.bundle.unit-test";
		};
		E66CC5072DE06B6600627261 /* Sonarqube-iOSUITests */ = {
			isa = PBXNativeTarget;
			buildConfigurationList = E66CC5182DE06B6600627261 /* Build configuration list for PBXNativeTarget "Sonarqube-iOSUITests" */;
			buildPhases = (
				E66CC5042DE06B6600627261 /* Sources */,
				E66CC5052DE06B6600627261 /* Frameworks */,
				E66CC5062DE06B6600627261 /* Resources */,
			);
			buildRules = (
			);
			dependencies = (
				E66CC50A2DE06B6600627261 /* PBXTargetDependency */,
			);
			fileSystemSynchronizedGroups = (
				E66CC50B2DE06B6600627261 /* Sonarqube-iOSUITests */,
			);
			name = "Sonarqube-iOSUITests";
			packageProductDependencies = (
			);
			productName = "Sonarqube-iOSUITests";
			productReference = E66CC5082DE06B6600627261 /* Sonarqube-iOSUITests.xctest */;
			productType = "com.apple.product-type.bundle.ui-testing";
		};
/* End PBXNativeTarget section */

/* Begin PBXProject section */
		E66CC4E62DE06B6200627261 /* Project object */ = {
			isa = PBXProject;
			attributes = {
				BuildIndependentTargetsInParallel = 1;
				LastSwiftUpdateCheck = 1610;
				LastUpgradeCheck = 1610;
				TargetAttributes = {
					E66CC4ED2DE06B6200627261 = {
						CreatedOnToolsVersion = 16.1;
					};
					E66CC4FD2DE06B6600627261 = {
						CreatedOnToolsVersion = 16.1;
						TestTargetID = E66CC4ED2DE06B6200627261;
					};
					E66CC5072DE06B6600627261 = {
						CreatedOnToolsVersion = 16.1;
						TestTargetID = E66CC4ED2DE06B6200627261;
					};
				};
			};
			buildConfigurationList = E66CC4E92DE06B6200627261 /* Build configuration list for PBXProject "Sonarqube-iOS" */;
			developmentRegion = en;
			hasScannedForEncodings = 0;
			knownRegions = (
				en,
				Base,
			);
			mainGroup = E66CC4E52DE06B6200627261;
			minimizedProjectReferenceProxies = 1;
			preferredProjectObjectVersion = 77;
			productRefGroup = E66CC4EF2DE06B6200627261 /* Products */;
			projectDirPath = "";
			projectRoot = "";
			targets = (
				E66CC4ED2DE06B6200627261 /* Sonarqube-iOS */,
				E66CC4FD2DE06B6600627261 /* Sonarqube-iOSTests */,
				E66CC5072DE06B6600627261 /* Sonarqube-iOSUITests */,
			);
		};
/* End PBXProject section */

/* Begin PBXResourcesBuildPhase section */
		E66CC4EC2DE06B6200627261 /* Resources */ = {
			isa = PBXResourcesBuildPhase;
			buildActionMask = 2147483647;
			files = (
				E66CC5222DE071DF00627261 /* build.yml in Resources */,
				E66CC51E2DE06DC900627261 /* .swiftlint.yml in Resources */,
				E66CC51C2DE06CD400627261 /* sonar-project.properties in Resources */,
			);
			runOnlyForDeploymentPostprocessing = 0;
		};
		E66CC4FC2DE06B6600627261 /* Resources */ = {
			isa = PBXResourcesBuildPhase;
			buildActionMask = 2147483647;
			files = (
			);
			runOnlyForDeploymentPostprocessing = 0;
		};
		E66CC5062DE06B6600627261 /* Resources */ = {
			isa = PBXResourcesBuildPhase;
			buildActionMask = 2147483647;
			files = (
			);
			runOnlyForDeploymentPostprocessing = 0;
		};
/* End PBXResourcesBuildPhase section */

/* Begin PBXSourcesBuildPhase section */
		E66CC4EA2DE06B6200627261 /* Sources */ = {
			isa = PBXSourcesBuildPhase;
			buildActionMask = 2147483647;
			files = (
			);
			runOnlyForDeploymentPostprocessing = 0;
		};
		E66CC4FA2DE06B6600627261 /* Sources */ = {
			isa = PBXSourcesBuildPhase;
			buildActionMask = 2147483647;
			files = (
			);
			runOnlyForDeploymentPostprocessing = 0;
		};
		E66CC5042DE06B6600627261 /* Sources */ = {
			isa = PBXSourcesBuildPhase;
			buildActionMask = 2147483647;
			files = (
			);
			runOnlyForDeploymentPostprocessing = 0;
		};
/* End PBXSourcesBuildPhase section */

/* Begin PBXTargetDependency section */
		E66CC5002DE06B6600627261 /* PBXTargetDependency */ = {
			isa = PBXTargetDependency;
			target = E66CC4ED2DE06B6200627261 /* Sonarqube-iOS */;
			targetProxy = E66CC4FF2DE06B6600627261 /* PBXContainerItemProxy */;
		};
		E66CC50A2DE06B6600627261 /* PBXTargetDependency */ = {
			isa = PBXTargetDependency;
			target = E66CC4ED2DE06B6200627261 /* Sonarqube-iOS */;
			targetProxy = E66CC5092DE06B6600627261 /* PBXContainerItemProxy */;
		};
/* End PBXTargetDependency section */

/* Begin XCBuildConfiguration section */
		E66CC5102DE06B6600627261 /* Debug */ = {
			isa = XCBuildConfiguration;
			buildSettings = {
				ALWAYS_SEARCH_USER_PATHS = NO;
				ASSETCATALOG_COMPILER_GENERATE_SWIFT_ASSET_SYMBOL_EXTENSIONS = YES;
				CLANG_ANALYZER_NONNULL = YES;
				CLANG_ANALYZER_NUMBER_OBJECT_CONVERSION = YES_AGGRESSIVE;
				CLANG_CXX_LANGUAGE_STANDARD = "gnu++20";
				CLANG_ENABLE_MODULES = YES;
				CLANG_ENABLE_OBJC_ARC = YES;
				CLANG_ENABLE_OBJC_WEAK = YES;
				CLANG_WARN_BLOCK_CAPTURE_AUTORELEASING = YES;
				CLANG_WARN_BOOL_CONVERSION = YES;
				CLANG_WARN_COMMA = YES;
				CLANG_WARN_CONSTANT_CONVERSION = YES;
				CLANG_WARN_DEPRECATED_OBJC_IMPLEMENTATIONS = YES;
				CLANG_WARN_DIRECT_OBJC_ISA_USAGE = YES_ERROR;
				CLANG_WARN_DOCUMENTATION_COMMENTS = YES;
				CLANG_WARN_EMPTY_BODY = YES;
				CLANG_WARN_ENUM_CONVERSION = YES;
				CLANG_WARN_INFINITE_RECURSION = YES;
				CLANG_WARN_INT_CONVERSION = YES;
				CLANG_WARN_NON_LITERAL_NULL_CONVERSION = YES;
				CLANG_WARN_OBJC_IMPLICIT_RETAIN_SELF = YES;
				CLANG_WARN_OBJC_LITERAL_CONVERSION = YES;
				CLANG_WARN_OBJC_ROOT_CLASS = YES_ERROR;
				CLANG_WARN_QUOTED_INCLUDE_IN_FRAMEWORK_HEADER = YES;
				CLANG_WARN_RANGE_LOOP_ANALYSIS = YES;
				CLANG_WARN_STRICT_PROTOTYPES = YES;
				CLANG_WARN_SUSPICIOUS_MOVE = YES;
				CLANG_WARN_UNGUARDED_AVAILABILITY = YES_AGGRESSIVE;
				CLANG_WARN_UNREACHABLE_CODE = YES;
				CLANG_WARN__DUPLICATE_METHOD_MATCH = YES;
				COPY_PHASE_STRIP = NO;
				DEBUG_INFORMATION_FORMAT = dwarf;
				ENABLE_STRICT_OBJC_MSGSEND = YES;
				ENABLE_TESTABILITY = YES;
				ENABLE_USER_SCRIPT_SANDBOXING = YES;
				GCC_C_LANGUAGE_STANDARD = gnu17;
				GCC_DYNAMIC_NO_PIC = NO;
				GCC_NO_COMMON_BLOCKS = YES;
				GCC_OPTIMIZATION_LEVEL = 0;
				GCC_PREPROCESSOR_DEFINITIONS = (
					"DEBUG=1",
					"$(inherited)",
				);
				GCC_WARN_64_TO_32_BIT_CONVERSION = YES;
				GCC_WARN_ABOUT_RETURN_TYPE = YES_ERROR;
				GCC_WARN_UNDECLARED_SELECTOR = YES;
				GCC_WARN_UNINITIALIZED_AUTOS = YES_AGGRESSIVE;
				GCC_WARN_UNUSED_FUNCTION = YES;
				GCC_WARN_UNUSED_VARIABLE = YES;
				IPHONEOS_DEPLOYMENT_TARGET = 18.1;
				LOCALIZATION_PREFERS_STRING_CATALOGS = YES;
				MTL_ENABLE_DEBUG_INFO = INCLUDE_SOURCE;
				MTL_FAST_MATH = YES;
				ONLY_ACTIVE_ARCH = YES;
				SDKROOT = iphoneos;
				SWIFT_ACTIVE_COMPILATION_CONDITIONS = "DEBUG $(inherited)";
				SWIFT_OPTIMIZATION_LEVEL = "-Onone";
			};
			name = Debug;
		};
		E66CC5112DE06B6600627261 /* Release */ = {
			isa = XCBuildConfiguration;
			buildSettings = {
				ALWAYS_SEARCH_USER_PATHS = NO;
				ASSETCATALOG_COMPILER_GENERATE_SWIFT_ASSET_SYMBOL_EXTENSIONS = YES;
				CLANG_ANALYZER_NONNULL = YES;
				CLANG_ANALYZER_NUMBER_OBJECT_CONVERSION = YES_AGGRESSIVE;
				CLANG_CXX_LANGUAGE_STANDARD = "gnu++20";
				CLANG_ENABLE_MODULES = YES;
				CLANG_ENABLE_OBJC_ARC = YES;
				CLANG_ENABLE_OBJC_WEAK = YES;
				CLANG_WARN_BLOCK_CAPTURE_AUTORELEASING = YES;
				CLANG_WARN_BOOL_CONVERSION = YES;
				CLANG_WARN_COMMA = YES;
				CLANG_WARN_CONSTANT_CONVERSION = YES;
				CLANG_WARN_DEPRECATED_OBJC_IMPLEMENTATIONS = YES;
				CLANG_WARN_DIRECT_OBJC_ISA_USAGE = YES_ERROR;
				CLANG_WARN_DOCUMENTATION_COMMENTS = YES;
				CLANG_WARN_EMPTY_BODY = YES;
				CLANG_WARN_ENUM_CONVERSION = YES;
				CLANG_WARN_INFINITE_RECURSION = YES;
				CLANG_WARN_INT_CONVERSION = YES;
				CLANG_WARN_NON_LITERAL_NULL_CONVERSION = YES;
				CLANG_WARN_OBJC_IMPLICIT_RETAIN_SELF = YES;
				CLANG_WARN_OBJC_LITERAL_CONVERSION = YES;
				CLANG_WARN_OBJC_ROOT_CLASS = YES_ERROR;
				CLANG_WARN_QUOTED_INCLUDE_IN_FRAMEWORK_HEADER = YES;
				CLANG_WARN_RANGE_LOOP_ANALYSIS = YES;
				CLANG_WARN_STRICT_PROTOTYPES = YES;
				CLANG_WARN_SUSPICIOUS_MOVE = YES;
				CLANG_WARN_UNGUARDED_AVAILABILITY = YES_AGGRESSIVE;
				CLANG_WARN_UNREACHABLE_CODE = YES;
				CLANG_WARN__DUPLICATE_METHOD_MATCH = YES;
				COPY_PHASE_STRIP = NO;
				DEBUG_INFORMATION_FORMAT = "dwarf-with-dsym";
				ENABLE_NS_ASSERTIONS = NO;
				ENABLE_STRICT_OBJC_MSGSEND = YES;
				ENABLE_USER_SCRIPT_SANDBOXING = YES;
				GCC_C_LANGUAGE_STANDARD = gnu17;
				GCC_NO_COMMON_BLOCKS = YES;
				GCC_WARN_64_TO_32_BIT_CONVERSION = YES;
				GCC_WARN_ABOUT_RETURN_TYPE = YES_ERROR;
				GCC_WARN_UNDECLARED_SELECTOR = YES;
				GCC_WARN_UNINITIALIZED_AUTOS = YES_AGGRESSIVE;
				GCC_WARN_UNUSED_FUNCTION = YES;
				GCC_WARN_UNUSED_VARIABLE = YES;
				IPHONEOS_DEPLOYMENT_TARGET = 18.1;
				LOCALIZATION_PREFERS_STRING_CATALOGS = YES;
				MTL_ENABLE_DEBUG_INFO = NO;
				MTL_FAST_MATH = YES;
				SDKROOT = iphoneos;
				SWIFT_COMPILATION_MODE = wholemodule;
				VALIDATE_PRODUCT = YES;
			};
			name = Release;
		};
		E66CC5132DE06B6600627261 /* Debug */ = {
			isa = XCBuildConfiguration;
			buildSettings = {
				ASSETCATALOG_COMPILER_APPICON_NAME = AppIcon;
				ASSETCATALOG_COMPILER_GLOBAL_ACCENT_COLOR_NAME = AccentColor;
				CODE_SIGN_STYLE = Automatic;
				CURRENT_PROJECT_VERSION = 1;
				DEVELOPMENT_ASSET_PATHS = "\"Sonarqube-iOS/Preview Content\"";
				ENABLE_PREVIEWS = YES;
				GENERATE_INFOPLIST_FILE = YES;
				INFOPLIST_KEY_UIApplicationSceneManifest_Generation = YES;
				INFOPLIST_KEY_UIApplicationSupportsIndirectInputEvents = YES;
				INFOPLIST_KEY_UILaunchScreen_Generation = YES;
				INFOPLIST_KEY_UISupportedInterfaceOrientations_iPad = "UIInterfaceOrientationPortrait UIInterfaceOrientationPortraitUpsideDown UIInterfaceOrientationLandscapeLeft UIInterfaceOrientationLandscapeRight";
				INFOPLIST_KEY_UISupportedInterfaceOrientations_iPhone = "UIInterfaceOrientationPortrait UIInterfaceOrientationLandscapeLeft UIInterfaceOrientationLandscapeRight";
				LD_RUNPATH_SEARCH_PATHS = (
					"$(inherited)",
					"@executable_path/Frameworks",
				);
				MARKETING_VERSION = 1.0;
				PRODUCT_BUNDLE_IDENTIFIER = "com.personal.Sonarqube-iOS";
				PRODUCT_NAME = "$(TARGET_NAME)";
				SWIFT_EMIT_LOC_STRINGS = YES;
				SWIFT_VERSION = 5.0;
				TARGETED_DEVICE_FAMILY = "1,2";
			};
			name = Debug;
		};
		E66CC5142DE06B6600627261 /* Release */ = {
			isa = XCBuildConfiguration;
			buildSettings = {
				ASSETCATALOG_COMPILER_APPICON_NAME = AppIcon;
				ASSETCATALOG_COMPILER_GLOBAL_ACCENT_COLOR_NAME = AccentColor;
				CODE_SIGN_STYLE = Automatic;
				CURRENT_PROJECT_VERSION = 1;
				DEVELOPMENT_ASSET_PATHS = "\"Sonarqube-iOS/Preview Content\"";
				ENABLE_PREVIEWS = YES;
				GENERATE_INFOPLIST_FILE = YES;
				INFOPLIST_KEY_UIApplicationSceneManifest_Generation = YES;
				INFOPLIST_KEY_UIApplicationSupportsIndirectInputEvents = YES;
				INFOPLIST_KEY_UILaunchScreen_Generation = YES;
				INFOPLIST_KEY_UISupportedInterfaceOrientations_iPad = "UIInterfaceOrientationPortrait UIInterfaceOrientationPortraitUpsideDown UIInterfaceOrientationLandscapeLeft UIInterfaceOrientationLandscapeRight";
				INFOPLIST_KEY_UISupportedInterfaceOrientations_iPhone = "UIInterfaceOrientationPortrait UIInterfaceOrientationLandscapeLeft UIInterfaceOrientationLandscapeRight";
				LD_RUNPATH_SEARCH_PATHS = (
					"$(inherited)",
					"@executable_path/Frameworks",
				);
				MARKETING_VERSION = 1.0;
				PRODUCT_BUNDLE_IDENTIFIER = "com.personal.Sonarqube-iOS";
				PRODUCT_NAME = "$(TARGET_NAME)";
				SWIFT_EMIT_LOC_STRINGS = YES;
				SWIFT_VERSION = 5.0;
				TARGETED_DEVICE_FAMILY = "1,2";
			};
			name = Release;
		};
		E66CC5162DE06B6600627261 /* Debug */ = {
			isa = XCBuildConfiguration;
			buildSettings = {
				BUNDLE_LOADER = "$(TEST_HOST)";
				CODE_SIGN_STYLE = Automatic;
				CURRENT_PROJECT_VERSION = 1;
				GENERATE_INFOPLIST_FILE = YES;
				IPHONEOS_DEPLOYMENT_TARGET = 18.1;
				MARKETING_VERSION = 1.0;
				PRODUCT_BUNDLE_IDENTIFIER = "com.personal.Sonarqube-iOSTests";
				PRODUCT_NAME = "$(TARGET_NAME)";
				SWIFT_EMIT_LOC_STRINGS = NO;
				SWIFT_VERSION = 5.0;
				TARGETED_DEVICE_FAMILY = "1,2";
				TEST_HOST = "$(BUILT_PRODUCTS_DIR)/Sonarqube-iOS.app/$(BUNDLE_EXECUTABLE_FOLDER_PATH)/Sonarqube-iOS";
			};
			name = Debug;
		};
		E66CC5172DE06B6600627261 /* Release */ = {
			isa = XCBuildConfiguration;
			buildSettings = {
				BUNDLE_LOADER = "$(TEST_HOST)";
				CODE_SIGN_STYLE = Automatic;
				CURRENT_PROJECT_VERSION = 1;
				GENERATE_INFOPLIST_FILE = YES;
				IPHONEOS_DEPLOYMENT_TARGET = 18.1;
				MARKETING_VERSION = 1.0;
				PRODUCT_BUNDLE_IDENTIFIER = "com.personal.Sonarqube-iOSTests";
				PRODUCT_NAME = "$(TARGET_NAME)";
				SWIFT_EMIT_LOC_STRINGS = NO;
				SWIFT_VERSION = 5.0;
				TARGETED_DEVICE_FAMILY = "1,2";
				TEST_HOST = "$(BUILT_PRODUCTS_DIR)/Sonarqube-iOS.app/$(BUNDLE_EXECUTABLE_FOLDER_PATH)/Sonarqube-iOS";
			};
			name = Release;
		};
		E66CC5192DE06B6600627261 /* Debug */ = {
			isa = XCBuildConfiguration;
			buildSettings = {
				CODE_SIGN_STYLE = Automatic;
				CURRENT_PROJECT_VERSION = 1;
				GENERATE_INFOPLIST_FILE = YES;
				MARKETING_VERSION = 1.0;
				PRODUCT_BUNDLE_IDENTIFIER = "com.personal.Sonarqube-iOSUITests";
				PRODUCT_NAME = "$(TARGET_NAME)";
				SWIFT_EMIT_LOC_STRINGS = NO;
				SWIFT_VERSION = 5.0;
				TARGETED_DEVICE_FAMILY = "1,2";
				TEST_TARGET_NAME = "Sonarqube-iOS";
			};
			name = Debug;
		};
		E66CC51A2DE06B6600627261 /* Release */ = {
			isa = XCBuildConfiguration;
			buildSettings = {
				CODE_SIGN_STYLE = Automatic;
				CURRENT_PROJECT_VERSION = 1;
				GENERATE_INFOPLIST_FILE = YES;
				MARKETING_VERSION = 1.0;
				PRODUCT_BUNDLE_IDENTIFIER = "com.personal.Sonarqube-iOSUITests";
				PRODUCT_NAME = "$(TARGET_NAME)";
				SWIFT_EMIT_LOC_STRINGS = NO;
				SWIFT_VERSION = 5.0;
				TARGETED_DEVICE_FAMILY = "1,2";
				TEST_TARGET_NAME = "Sonarqube-iOS";
			};
			name = Release;
		};
/* End XCBuildConfiguration section */

/* Begin XCConfigurationList section */
		E66CC4E92DE06B6200627261 /* Build configuration list for PBXProject "Sonarqube-iOS" */ = {
			isa = XCConfigurationList;
			buildConfigurations = (
				E66CC5102DE06B6600627261 /* Debug */,
				E66CC5112DE06B6600627261 /* Release */,
			);
			defaultConfigurationIsVisible = 0;
			defaultConfigurationName = Release;
		};
		E66CC5122DE06B6600627261 /* Build configuration list for PBXNativeTarget "Sonarqube-iOS" */ = {
			isa = XCConfigurationList;
			buildConfigurations = (
				E66CC5132DE06B6600627261 /* Debug */,
				E66CC5142DE06B6600627261 /* Release */,
			);
			defaultConfigurationIsVisible = 0;
			defaultConfigurationName = Release;
		};
		E66CC5152DE06B6600627261 /* Build configuration list for PBXNativeTarget "Sonarqube-iOSTests" */ = {
			isa = XCConfigurationList;
			buildConfigurations = (
				E66CC5162DE06B6600627261 /* Debug */,
				E66CC5172DE06B6600627261 /* Release */,
			);
			defaultConfigurationIsVisible = 0;
			defaultConfigurationName = Release;
		};
		E66CC5182DE06B6600627261 /* Build configuration list for PBXNativeTarget "Sonarqube-iOSUITests" */ = {
			isa = XCConfigurationList;
			buildConfigurations = (
				E66CC5192DE06B6600627261 /* Debug */,
				E66CC51A2DE06B6600627261 /* Release */,
			);
			defaultConfigurationIsVisible = 0;
			defaultConfigurationName = Release;
		};
/* End XCConfigurationList section */
	};
	rootObject = E66CC4E62DE06B6200627261 /* Project object */;
}
